
Microsoft Visual Studio Solution File, Format Version 12.00
# Visual Studio Version 17
VisualStudioVersion = 17.8.34525.116
MinimumVisualStudioVersion = 10.0.40219.1
Project("{9A19103F-16F7-4668-BE54-9A1E7A4F7556}") = "WebApi", "WebApi\WebApi.csproj", "{3907BBF5-0CB2-4258-A28B-727EE2270F5C}"
EndProject
Project("{9A19103F-16F7-4668-BE54-9A1E7A4F7556}") = "Entities", "Entities\Entities.csproj", "{EFE119CD-0A80-4BDF-82FC-39744E3A5357}"
EndProject
Project("{9A19103F-16F7-4668-BE54-9A1E7A4F7556}") = "Repositories", "Repositories\Repositories.csproj", "{846447BB-FF83-4CDD-95BE-D322539F15C6}"
EndProject
Project("{9A19103F-16F7-4668-BE54-9A1E7A4F7556}") = "Services", "Services\Services.csproj", "{F03F676F-CA3E-442B-952A-64248E839AB4}"
EndProject
Project("{FAE04EC0-301F-11D3-BF4B-00C04F79EFBC}") = "Presentaiton", "Presentaiton\Presentaiton.csproj", "{1407D81F-1628-4BC9-985B-EECA39DDA4D5}"
EndProject
Global
	GlobalSection(SolutionConfigurationPlatforms) = preSolution
		Debug|Any CPU = Debug|Any CPU
		Release|Any CPU = Release|Any CPU
	EndGlobalSection
	GlobalSection(ProjectConfigurationPlatforms) = postSolution
		{3907BBF5-0CB2-4258-A28B-727EE2270F5C}.Debug|Any CPU.ActiveCfg = Debug|Any CPU
		{3907BBF5-0CB2-4258-A28B-727EE2270F5C}.Debug|Any CPU.Build.0 = Debug|Any CPU
		{3907BBF5-0CB2-4258-A28B-727EE2270F5C}.Release|Any CPU.ActiveCfg = Release|Any CPU
		{3907BBF5-0CB2-4258-A28B-727EE2270F5C}.Release|Any CPU.Build.0 = Release|Any CPU
		{EFE119CD-0A80-4BDF-82FC-39744E3A5357}.Debug|Any CPU.ActiveCfg = Debug|Any CPU
		{EFE119CD-0A80-4BDF-82FC-39744E3A5357}.Debug|Any CPU.Build.0 = Debug|Any CPU
		{EFE119CD-0A80-4BDF-82FC-39744E3A5357}.Release|Any CPU.ActiveCfg = Release|Any CPU
		{EFE119CD-0A80-4BDF-82FC-39744E3A5357}.Release|Any CPU.Build.0 = Release|Any CPU
		{846447BB-FF83-4CDD-95BE-D322539F15C6}.Debug|Any CPU.ActiveCfg = Debug|Any CPU
		{846447BB-FF83-4CDD-95BE-D322539F15C6}.Debug|Any CPU.Build.0 = Debug|Any CPU
		{846447BB-FF83-4CDD-95BE-D322539F15C6}.Release|Any CPU.ActiveCfg = Release|Any CPU
		{846447BB-FF83-4CDD-95BE-D322539F15C6}.Release|Any CPU.Build.0 = Release|Any CPU
		{F03F676F-CA3E-442B-952A-64248E839AB4}.Debug|Any CPU.ActiveCfg = Debug|Any CPU
		{F03F676F-CA3E-442B-952A-64248E839AB4}.Debug|Any CPU.Build.0 = Debug|Any CPU
		{F03F676F-CA3E-442B-952A-64248E839AB4}.Release|Any CPU.ActiveCfg = Release|Any CPU
		{F03F676F-CA3E-442B-952A-64248E839AB4}.Release|Any CPU.Build.0 = Release|Any CPU
		{1407D81F-1628-4BC9-985B-EECA39DDA4D5}.Debug|Any CPU.ActiveCfg = Debug|Any CPU
		{1407D81F-1628-4BC9-985B-EECA39DDA4D5}.Debug|Any CPU.Build.0 = Debug|Any CPU
		{1407D81F-1628-4BC9-985B-EECA39DDA4D5}.Release|Any CPU.ActiveCfg = Release|Any CPU
		{1407D81F-1628-4BC9-985B-EECA39DDA4D5}.Release|Any CPU.Build.0 = Release|Any CPU
	EndGlobalSection
	GlobalSection(SolutionProperties) = preSolution
		HideSolutionNode = FALSE
	EndGlobalSection
	GlobalSection(ExtensibilityGlobals) = postSolution
		SolutionGuid = {6BFC3C44-7A6A-492A-9BB9-9937EC3E8BE7}
	EndGlobalSection
EndGlobal
